
Microsoft Visual Studio Solution File, Format Version 12.00
# Visual Studio 15
VisualStudioVersion = 15.0.27703.2026
MinimumVisualStudioVersion = 10.0.40219.1
Project("{FAE04EC0-301F-11D3-BF4B-00C04F79EFBC}") = "FreeDiscovery", "FreeDiscovery\FreeDiscovery.csproj", "{4F43CA3C-678A-4A4B-860B-E1AECE066241}"
EndProject
Global
	GlobalSection(SolutionConfigurationPlatforms) = preSolution
		Debug|Any CPU = Debug|Any CPU
		Release|Any CPU = Release|Any CPU
	EndGlobalSection
	GlobalSection(ProjectConfigurationPlatforms) = postSolution
		{4F43CA3C-678A-4A4B-860B-E1AECE066241}.Debug|Any CPU.ActiveCfg = Debug|Any CPU
		{4F43CA3C-678A-4A4B-860B-E1AECE066241}.Debug|Any CPU.Build.0 = Debug|Any CPU
		{4F43CA3C-678A-4A4B-860B-E1AECE066241}.Release|Any CPU.ActiveCfg = Release|Any CPU
		{4F43CA3C-678A-4A4B-860B-E1AECE066241}.Release|Any CPU.Build.0 = Release|Any CPU
	EndGlobalSection
	GlobalSection(SolutionProperties) = preSolution
		HideSolutionNode = FALSE
	EndGlobalSection
	GlobalSection(ExtensibilityGlobals) = postSolution
		SolutionGuid = {7B4C2AF3-FB95-4941-9CE0-0B55D64B96FA}
	EndGlobalSection
EndGlobal
